dependencies:
- name: nats
  repository: https://nats-io.github.io/k8s/helm/charts/
  version: 1.2.9
- name: postgresql
  repository: oci://registry-1.docker.io/bitnamicharts
  version: 16.4.2
digest: sha256:0465a28024d60ccca46200f30589d53494a1c9ebd51d3dfb5ec13c60e468e357
generated: "2025-01-14T21:10:30.433306777Z"
