dependencies:
- name: nats
  repository: https://nats-io.github.io/k8s/helm/charts/
  version: 1.2.8
- name: postgresql
  repository: oci://registry-1.docker.io/bitnamicharts
  version: 16.3.2
digest: sha256:a660b1eaaea14bb420e93c85d45ca68fbc930c0997a41535e8e76c562fef10e6
generated: "2024-12-23T11:16:56.170123985Z"
