dependencies:
- name: nats
  repository: https://nats-io.github.io/k8s/helm/charts/
  version: 2.12.1
- name: postgresql
  repository: oci://registry-1.docker.io/bitnamicharts
  version: 18.1.7
digest: sha256:db2b4ebae234c8211231ff5dab13a733dd28081ebb39a818c8f87b7702fcac83
generated: "2025-11-08T06:25:44.800894361Z"
